{
  "nodes": {
    "fenix": {
      "inputs": {
        "nixpkgs": [
          "nixpkgs"
        ],
        "rust-analyzer-src": "rust-analyzer-src"
      },
      "locked": {
        "lastModified": 1782900513,
        "narHash": "sha256-GHrsl1+ysDFgmDQtQSqWS7TiYD2Q58VlwLvnf1+crJM=",
        "owner": "nix-community",
        "repo": "fenix",
        "rev": "16810aa8f4ad89ca480b1513774e8b6f485fe368",
        "type": "github"
      },
      "original": {
        "owner": "nix-community",
        "repo": "fenix",
        "type": "github"
      }
    },
    "flake-compat": {
      "flake": false,
      "locked": {
        "lastModified": 1767039857,
        "narHash": "sha256-vNpUSpF5Nuw8xvDLj2KCwwksIbjua2LZCqhV1LNRDns=",
        "owner": "NixOS",
        "repo": "flake-compat",
        "rev": "5edf11c44bc78a0d334f6334cdaf7d60d732daab",
        "type": "github"
      },
      "original": {
        "owner": "NixOS",
        "repo": "flake-compat",
        "type": "github"
      }
    },
    "flake-compat_2": {
      "flake": false,
      "locked": {
        "lastModified": 1767039857,
        "narHash": "sha256-vNpUSpF5Nuw8xvDLj2KCwwksIbjua2LZCqhV1LNRDns=",
        "owner": "NixOS",
        "repo": "flake-compat",
        "rev": "5edf11c44bc78a0d334f6334cdaf7d60d732daab",
        "type": "github"
      },
      "original": {
        "owner": "NixOS",
        "repo": "flake-compat",
        "type": "github"
      }
    },
    "flake-parts": {
      "inputs": {
        "nixpkgs-lib": [
          "nix-pilot-master-compat",
          "nixpkgs"
        ]
      },
      "locked": {
        "lastModified": 1782949081,
        "narHash": "sha256-vp6Y/Grm98ESt6ceOkWiHWyZRDV3J1RID4w+6NWK9yA=",
        "owner": "hercules-ci",
        "repo": "flake-parts",
        "rev": "17c9d6cdfc60c64f4ee8d306f9bc0b4ccb51481e",
        "type": "github"
      },
      "original": {
        "owner": "hercules-ci",
        "repo": "flake-parts",
        "type": "github"
      }
    },
    "flake-parts_2": {
      "inputs": {
        "nixpkgs-lib": [
          "nix-pilot-upstream",
          "nixpkgs"
        ]
      },
      "locked": {
        "lastModified": 1782949081,
        "narHash": "sha256-vp6Y/Grm98ESt6ceOkWiHWyZRDV3J1RID4w+6NWK9yA=",
        "owner": "hercules-ci",
        "repo": "flake-parts",
        "rev": "17c9d6cdfc60c64f4ee8d306f9bc0b4ccb51481e",
        "type": "github"
      },
      "original": {
        "owner": "hercules-ci",
        "repo": "flake-parts",
        "type": "github"
      }
    },
    "flake-utils": {
      "inputs": {
        "systems": "systems"
      },
      "locked": {
        "lastModified": 1731533236,
        "narHash": "sha256-l0KFg5HjrsfsO/JpG+r7fRrqm12kzFHyUHqHCVpMMbI=",
        "owner": "numtide",
        "repo": "flake-utils",
        "rev": "11707dc2f618dd54ca8739b309ec4fc024de578b",
        "type": "github"
      },
      "original": {
        "owner": "numtide",
        "repo": "flake-utils",
        "type": "github"
      }
    },
    "git-hooks-nix": {
      "inputs": {
        "flake-compat": [
          "nix-pilot-master-compat"
        ],
        "nixpkgs": [
          "nix-pilot-master-compat",
          "nixpkgs"
        ]
      },
      "locked": {
        "lastModified": 1783008725,
        "narHash": "sha256-jGiy6+sxjNWXSjp25uoJuNfyH9zBK1PEDY0lVoL4ibQ=",
        "owner": "cachix",
        "repo": "git-hooks.nix",
        "rev": "bca82caa46d5ec0f5d422c61fb1e30bc51313cbe",
        "type": "github"
      },
      "original": {
        "owner": "cachix",
        "repo": "git-hooks.nix",
        "type": "github"
      }
    },
    "git-hooks-nix_2": {
      "inputs": {
        "flake-compat": [
          "nix-pilot-upstream"
        ],
        "nixpkgs": [
          "nix-pilot-upstream",
          "nixpkgs"
        ]
      },
      "locked": {
        "lastModified": 1783008725,
        "narHash": "sha256-jGiy6+sxjNWXSjp25uoJuNfyH9zBK1PEDY0lVoL4ibQ=",
        "owner": "cachix",
        "repo": "git-hooks.nix",
        "rev": "bca82caa46d5ec0f5d422c61fb1e30bc51313cbe",
        "type": "github"
      },
      "original": {
        "owner": "cachix",
        "repo": "git-hooks.nix",
        "type": "github"
      }
    },
    "nix-pilot-master-compat": {
      "inputs": {
        "flake-compat": "flake-compat",
        "flake-parts": "flake-parts",
        "git-hooks-nix": "git-hooks-nix",
        "nixpkgs": [
          "nixpkgs"
        ],
        "nixpkgs-23-11": "nixpkgs-23-11",
        "nixpkgs-regression": "nixpkgs-regression"
      },
      "locked": {
        "lastModified": 1785789531,
        "narHash": "sha256-jBCkvlSdCoMIMzEx6TYHlVgsEC0zZiB45t9YOg3mjA0=",
        "owner": "NixOS",
        "repo": "nix",
        "rev": "b1939e7d1abec240fb16a0ffa92fb4c28a24e4f0",
        "type": "github"
      },
      "original": {
        "narHash": "sha256-jBCkvlSdCoMIMzEx6TYHlVgsEC0zZiB45t9YOg3mjA0=",
        "owner": "NixOS",
        "repo": "nix",
        "rev": "b1939e7d1abec240fb16a0ffa92fb4c28a24e4f0",
        "type": "github"
      }
    },
    "nix-pilot-upstream": {
      "inputs": {
        "flake-compat": "flake-compat_2",
        "flake-parts": "flake-parts_2",
        "git-hooks-nix": "git-hooks-nix_2",
        "nixpkgs": [
          "nixpkgs"
        ],
        "nixpkgs-23-11": "nixpkgs-23-11_2",
        "nixpkgs-regression": "nixpkgs-regression_2"
      },
      "locked": {
        "lastModified": 1785526601,
        "narHash": "sha256-lzFOjvHKYqHYBa1PigllKqXtQzoU9Lt26M5Hm7rSdpM=",
        "owner": "NixOS",
        "repo": "nix",
        "rev": "00c341b4f746dadd5947c3aa4673d5231226a028",
        "type": "github"
      },
      "original": {
        "narHash": "sha256-lzFOjvHKYqHYBa1PigllKqXtQzoU9Lt26M5Hm7rSdpM=",
        "owner": "NixOS",
        "repo": "nix",
        "rev": "00c341b4f746dadd5947c3aa4673d5231226a028",
        "type": "github"
      }
    },
    "nixpkgs": {
      "locked": {
        "lastModified": 1782978903,
        "narHash": "sha256-bG1LAS3YehMzp4RSXw99o3yMEO/Ktb0Tx29RCtEU0Tk=",
        "owner": "NixOS",
        "repo": "nixpkgs",
        "rev": "d33369954a67ae3322177dc9a3d564092912120c",
        "type": "github"
      },
      "original": {
        "owner": "NixOS",
        "ref": "nixpkgs-unstable",
        "repo": "nixpkgs",
        "type": "github"
      }
    },
    "nixpkgs-23-11": {
      "locked": {
        "lastModified": 1717159533,
        "narHash": "sha256-oamiKNfr2MS6yH64rUn99mIZjc45nGJlj9eGth/3Xuw=",
        "owner": "NixOS",
        "repo": "nixpkgs",
        "rev": "a62e6edd6d5e1fa0329b8653c801147986f8d446",
        "type": "github"
      },
      "original": {
        "owner": "NixOS",
        "repo": "nixpkgs",
        "rev": "a62e6edd6d5e1fa0329b8653c801147986f8d446",
        "type": "github"
      }
    },
    "nixpkgs-23-11_2": {
      "locked": {
        "lastModified": 1717159533,
        "narHash": "sha256-oamiKNfr2MS6yH64rUn99mIZjc45nGJlj9eGth/3Xuw=",
        "owner": "NixOS",
        "repo": "nixpkgs",
        "rev": "a62e6edd6d5e1fa0329b8653c801147986f8d446",
        "type": "github"
      },
      "original": {
        "owner": "NixOS",
        "repo": "nixpkgs",
        "rev": "a62e6edd6d5e1fa0329b8653c801147986f8d446",
        "type": "github"
      }
    },
    "nixpkgs-regression": {
      "locked": {
        "lastModified": 1643052045,
        "narHash": "sha256-uGJ0VXIhWKGXxkeNnq4TvV3CIOkUJ3PAoLZ3HMzNVMw=",
        "owner": "NixOS",
        "repo": "nixpkgs",
        "rev": "215d4d0fd80ca5163643b03a33fde804a29cc1e2",
        "type": "github"
      },
      "original": {
        "owner": "NixOS",
        "repo": "nixpkgs",
        "rev": "215d4d0fd80ca5163643b03a33fde804a29cc1e2",
        "type": "github"
      }
    },
    "nixpkgs-regression_2": {
      "locked": {
        "lastModified": 1643052045,
        "narHash": "sha256-uGJ0VXIhWKGXxkeNnq4TvV3CIOkUJ3PAoLZ3HMzNVMw=",
        "owner": "NixOS",
        "repo": "nixpkgs",
        "rev": "215d4d0fd80ca5163643b03a33fde804a29cc1e2",
        "type": "github"
      },
      "original": {
        "owner": "NixOS",
        "repo": "nixpkgs",
        "rev": "215d4d0fd80ca5163643b03a33fde804a29cc1e2",
        "type": "github"
      }
    },
    "root": {
      "inputs": {
        "fenix": "fenix",
        "flake-utils": "flake-utils",
        "nix-pilot-master-compat": "nix-pilot-master-compat",
        "nix-pilot-upstream": "nix-pilot-upstream",
        "nixpkgs": "nixpkgs"
      }
    },
    "rust-analyzer-src": {
      "flake": false,
      "locked": {
        "lastModified": 1782864348,
        "narHash": "sha256-NVYhLbaefeIUftPlo3kS6qr0xd8eFJRodEiaHrvFKR4=",
        "owner": "rust-lang",
        "repo": "rust-analyzer",
        "rev": "0d381ca097a8e0375a19387874d952c0a230ac4f",
        "type": "github"
      },
      "original": {
        "owner": "rust-lang",
        "ref": "nightly",
        "repo": "rust-analyzer",
        "type": "github"
      }
    },
    "systems": {
      "locked": {
        "lastModified": 1681028828,
        "narHash": "sha256-Vy1rq5AaRuLzOxct8nz4T6wlgyUR7zLU309k9mBC768=",
        "owner": "nix-systems",
        "repo": "default",
        "rev": "da67096a3b9bf56a91d16901293e51ba5b49a27e",
        "type": "github"
      },
      "original": {
        "owner": "nix-systems",
        "repo": "default",
        "type": "github"
      }
    }
  },
  "root": "root",
  "version": 7
}
